{
  "name": "@red-cup-engineering/capability-pricing-service",
  "version": "0.1.0",
  "lockfileVersion": 3,
  "requires": true,
  "packages": {
    "": {
      "name": "@red-cup-engineering/capability-pricing-service",
      "version": "0.1.0",
      "license": "MIT",
      "bin": {
        "capability-price": "bin/capability-price.mjs",
        "capability-reservation-quote": "bin/capability-reservation-quote.mjs",
        "serve-capability-pricing": "bin/server.mjs"
      },
      "engines": {
        "node": ">=22"
      }
    }
  }
}
